
Microsoft Visual Studio Solution File, Format Version 12.00
# Visual Studio 15
VisualStudioVersion = 15.0.27428.2043
MinimumVisualStudioVersion = 10.0.40219.1
Project("{FAE04EC0-301F-11D3-BF4B-00C04F79EFBC}") = "Kea.Sql", "Kea.Sql\Kea.Sql.csproj", "{F388BD4C-8CFD-49BC-B58F-960EFA6FE8CB}"
EndProject
Project("{FAE04EC0-301F-11D3-BF4B-00C04F79EFBC}") = "Kea.Sql.Test", "Kea.Sql.Test\Kea.Sql.Test.csproj", "{D260C590-9F3B-463C-AA8B-4A9054DC74D8}"
EndProject
Global
	GlobalSection(SolutionConfigurationPlatforms) = preSolution
		Debug|Any CPU = Debug|Any CPU
		Release|Any CPU = Release|Any CPU
	EndGlobalSection
	GlobalSection(ProjectConfigurationPlatforms) = postSolution
		{F388BD4C-8CFD-49BC-B58F-960EFA6FE8CB}.Debug|Any CPU.ActiveCfg = Debug|Any CPU
		{F388BD4C-8CFD-49BC-B58F-960EFA6FE8CB}.Debug|Any CPU.Build.0 = Debug|Any CPU
		{F388BD4C-8CFD-49BC-B58F-960EFA6FE8CB}.Release|Any CPU.ActiveCfg = Release|Any CPU
		{F388BD4C-8CFD-49BC-B58F-960EFA6FE8CB}.Release|Any CPU.Build.0 = Release|Any CPU
		{D260C590-9F3B-463C-AA8B-4A9054DC74D8}.Debug|Any CPU.ActiveCfg = Debug|Any CPU
		{D260C590-9F3B-463C-AA8B-4A9054DC74D8}.Debug|Any CPU.Build.0 = Debug|Any CPU
		{D260C590-9F3B-463C-AA8B-4A9054DC74D8}.Release|Any CPU.ActiveCfg = Release|Any CPU
		{D260C590-9F3B-463C-AA8B-4A9054DC74D8}.Release|Any CPU.Build.0 = Release|Any CPU
	EndGlobalSection
	GlobalSection(SolutionProperties) = preSolution
		HideSolutionNode = FALSE
	EndGlobalSection
	GlobalSection(ExtensibilityGlobals) = postSolution
		SolutionGuid = {1A9D2EC9-8A6A-4576-9834-3C8FA2316A3C}
	EndGlobalSection
EndGlobal
